// !$*UTF8*$!
{
	archiveVersion = 1;
	classes = {
	};
	objectVersion = 50;
	objects = {

/* Begin PBXBuildFile section */
		CE43F804240B639600F5CEC7 /* AppDelegate.swift in Sources */ = {isa = PBXBuildFile; fileRef = CE43F803240B639600F5CEC7 /* AppDelegate.swift */; };
		CE43F806240B639600F5CEC7 /* SceneDelegate.swift in Sources */ = {isa = PBXBuildFile; fileRef = CE43F805240B639600F5CEC7 /* SceneDelegate.swift */; };
		CE43F808240B639600F5CEC7 /* SongVC.swift in Sources */ = {isa = PBXBuildFile; fileRef = CE43F807240B639600F5CEC7 /* SongVC.swift */; };
		CE43F80B240B639600F5CEC7 /* Main.storyboard in Resources */ = {isa = PBXBuildFile; fileRef = CE43F809240B639600F5CEC7 /* Main.storyboard */; };
		CE43F80D240B639A00F5CEC7 /* Assets.xcassets in Resources */ = {isa = PBXBuildFile; fileRef = CE43F80C240B639A00F5CEC7 /* Assets.xcassets */; };
		CE43F810240B639A00F5CEC7 /* LaunchScreen.storyboard in Resources */ = {isa = PBXBuildFile; fileRef = CE43F80E240B639A00F5CEC7 /* LaunchScreen.storyboard */; };
		CE43F81B240B65F300F5CEC7 /* Song.swift in Sources */ = {isa = PBXBuildFile; fileRef = CE43F81A240B65F300F5CEC7 /* Song.swift */; };
		CE43F81D240B663800F5CEC7 /* MusicLibrary.swift in Sources */ = {isa = PBXBuildFile; fileRef = CE43F81C240B663800F5CEC7 /* MusicLibrary.swift */; };
		CE43F81F240B68C900F5CEC7 /* SongView.xib in Resources */ = {isa = PBXBuildFile; fileRef = CE43F81E240B68C900F5CEC7 /* SongView.xib */; };
		CE43F821240B694E00F5CEC7 /* SongView.swift in Sources */ = {isa = PBXBuildFile; fileRef = CE43F820240B694E00F5CEC7 /* SongView.swift */; };
		CE43F823240B69CA00F5CEC7 /* SongCell.swift in Sources */ = {isa = PBXBuildFile; fileRef = CE43F822240B69CA00F5CEC7 /* SongCell.swift */; };
/* End PBXBuildFile section */

/* Begin PBXFileReference section */
		CE43F800240B639600F5CEC7 /* SongList.app */ = {isa = PBXFileReference; explicitFileType = wrapper.application; includeInIndex = 0; path = SongList.app; sourceTree = BUILT_PRODUCTS_DIR; };
		CE43F803240B639600F5CEC7 /* AppDelegate.swift */ = {isa = PBXFileReference; lastKnownFileType = sourcecode.swift; path = AppDelegate.swift; sourceTree = "<group>"; };
		CE43F805240B639600F5CEC7 /* SceneDelegate.swift */ = {isa = PBXFileReference; lastKnownFileType = sourcecode.swift; path = SceneDelegate.swift; sourceTree = "<group>"; };
		CE43F807240B639600F5CEC7 /* SongVC.swift */ = {isa = PBXFileReference; lastKnownFileType = sourcecode.swift; path = SongVC.swift; sourceTree = "<group>"; };
		CE43F80A240B639600F5CEC7 /* Base */ = {isa = PBXFileReference; lastKnownFileType = file.storyboard; name = Base; path = Base.lproj/Main.storyboard; sourceTree = "<group>"; };
		CE43F80C240B639A00F5CEC7 /* Assets.xcassets */ = {isa = PBXFileReference; lastKnownFileType = folder.assetcatalog; path = Assets.xcassets; sourceTree = "<group>"; };
		CE43F80F240B639A00F5CEC7 /* Base */ = {isa = PBXFileReference; lastKnownFileType = file.storyboard; name = Base; path = Base.lproj/LaunchScreen.storyboard; sourceTree = "<group>"; };
		CE43F811240B639A00F5CEC7 /* Info.plist */ = {isa = PBXFileReference; lastKnownFileType = text.plist.xml; path = Info.plist; sourceTree = "<group>"; };
		CE43F81A240B65F300F5CEC7 /* Song.swift */ = {isa = PBXFileReference; lastKnownFileType = sourcecode.swift; path = Song.swift; sourceTree = "<group>"; };
		CE43F81C240B663800F5CEC7 /* MusicLibrary.swift */ = {isa = PBXFileReference; lastKnownFileType = sourcecode.swift; path = MusicLibrary.swift; sourceTree = "<group>"; };
		CE43F81E240B68C900F5CEC7 /* SongView.xib */ = {isa = PBXFileReference; lastKnownFileType = file.xib; path = SongView.xib; sourceTree = "<group>"; };
		CE43F820240B694E00F5CEC7 /* SongView.swift */ = {isa = PBXFileReference; lastKnownFileType = sourcecode.swift; path = SongView.swift; sourceTree = "<group>"; };
		CE43F822240B69CA00F5CEC7 /* SongCell.swift */ = {isa = PBXFileReference; lastKnownFileType = sourcecode.swift; path = SongCell.swift; sourceTree = "<group>"; };
/* End PBXFileReference section */

/* Begin PBXFrameworksBuildPhase section */
		CE43F7FD240B639600F5CEC7 /* Frameworks */ = {
			isa = PBXFrameworksBuildPhase;
			buildActionMask = 2147483647;
			files = (
			);
			runOnlyForDeploymentPostprocessing = 0;
		};
/* End PBXFrameworksBuildPhase section */

/* Begin PBXGroup section */
		CE43F7F7240B639600F5CEC7 = {
			isa = PBXGroup;
			children = (
				CE43F802240B639600F5CEC7 /* SongList */,
				CE43F801240B639600F5CEC7 /* Products */,
			);
			sourceTree = "<group>";
		};
		CE43F801240B639600F5CEC7 /* Products */ = {
			isa = PBXGroup;
			children = (
				CE43F800240B639600F5CEC7 /* SongList.app */,
			);
			name = Products;
			sourceTree = "<group>";
		};
		CE43F802240B639600F5CEC7 /* SongList */ = {
			isa = PBXGroup;
			children = (
				CE43F819240B646F00F5CEC7 /* Modle */,
				CE43F818240B646900F5CEC7 /* View */,
				CE43F817240B646200F5CEC7 /* Controller */,
				CE43F803240B639600F5CEC7 /* AppDelegate.swift */,
				CE43F805240B639600F5CEC7 /* SceneDelegate.swift */,
				CE43F809240B639600F5CEC7 /* Main.storyboard */,
				CE43F80C240B639A00F5CEC7 /* Assets.xcassets */,
				CE43F80E240B639A00F5CEC7 /* LaunchScreen.storyboard */,
				CE43F811240B639A00F5CEC7 /* Info.plist */,
			);
			path = SongList;
			sourceTree = "<group>";
		};
		CE43F817240B646200F5CEC7 /* Controller */ = {
			isa = PBXGroup;
			children = (
				CE43F807240B639600F5CEC7 /* SongVC.swift */,
			);
			path = Controller;
			sourceTree = "<group>";
		};
		CE43F818240B646900F5CEC7 /* View */ = {
			isa = PBXGroup;
			children = (
				CE43F820240B694E00F5CEC7 /* SongView.swift */,
				CE43F81E240B68C900F5CEC7 /* SongView.xib */,
				CE43F822240B69CA00F5CEC7 /* SongCell.swift */,
			);
			path = View;
			sourceTree = "<group>";
		};
		CE43F819240B646F00F5CEC7 /* Modle */ = {
			isa = PBXGroup;
			children = (
				CE43F81A240B65F300F5CEC7 /* Song.swift */,
				CE43F81C240B663800F5CEC7 /* MusicLibrary.swift */,
			);
			path = Modle;
			sourceTree = "<group>";
		};
/* End PBXGroup section */

/* Begin PBXNativeTarget section */
		CE43F7FF240B639600F5CEC7 /* SongList */ = {
			isa = PBXNativeTarget;
			buildConfigurationList = CE43F814240B639A00F5CEC7 /* Build configuration list for PBXNativeTarget "SongList" */;
			buildPhases = (
				CE43F7FC240B639600F5CEC7 /* Sources */,
				CE43F7FD240B639600F5CEC7 /* Frameworks */,
				CE43F7FE240B639600F5CEC7 /* Resources */,
			);
			buildRules = (
			);
			dependencies = (
			);
			name = SongList;
			productName = SongList;
			productReference = CE43F800240B639600F5CEC7 /* SongList.app */;
			productType = "com.apple.product-type.application";
		};
/* End PBXNativeTarget section */

/* Begin PBXProject section */
		CE43F7F8240B639600F5CEC7 /* Project object */ = {
			isa = PBXProject;
			attributes = {
				LastSwiftUpdateCheck = 1130;
				LastUpgradeCheck = 1130;
				ORGANIZATIONNAME = leslie;
				TargetAttributes = {
					CE43F7FF240B639600F5CEC7 = {
						CreatedOnToolsVersion = 11.3.1;
					};
				};
			};
			buildConfigurationList = CE43F7FB240B639600F5CEC7 /* Build configuration list for PBXProject "SongList" */;
			compatibilityVersion = "Xcode 9.3";
			developmentRegion = en;
			hasScannedForEncodings = 0;
			knownRegions = (
				en,
				Base,
			);
			mainGroup = CE43F7F7240B639600F5CEC7;
			productRefGroup = CE43F801240B639600F5CEC7 /* Products */;
			projectDirPath = "";
			projectRoot = "";
			targets = (
				CE43F7FF240B639600F5CEC7 /* SongList */,
			);
		};
/* End PBXProject section */

/* Begin PBXResourcesBuildPhase section */
		CE43F7FE240B639600F5CEC7 /* Resources */ = {
			isa = PBXResourcesBuildPhase;
			buildActionMask = 2147483647;
			files = (
				CE43F810240B639A00F5CEC7 /* LaunchScreen.storyboard in Resources */,
				CE43F80D240B639A00F5CEC7 /* Assets.xcassets in Resources */,
				CE43F80B240B639600F5CEC7 /* Main.storyboard in Resources */,
				CE43F81F240B68C900F5CEC7 /* SongView.xib in Resources */,
			);
			runOnlyForDeploymentPostprocessing = 0;
		};
/* End PBXResourcesBuildPhase section */

/* Begin PBXSourcesBuildPhase section */
		CE43F7FC240B639600F5CEC7 /* Sources */ = {
			isa = PBXSourcesBuildPhase;
			buildActionMask = 2147483647;
			files = (
				CE43F81B240B65F300F5CEC7 /* Song.swift in Sources */,
				CE43F808240B639600F5CEC7 /* SongVC.swift in Sources */,
				CE43F804240B639600F5CEC7 /* AppDelegate.swift in Sources */,
				CE43F823240B69CA00F5CEC7 /* SongCell.swift in Sources */,
				CE43F821240B694E00F5CEC7 /* SongView.swift in Sources */,
				CE43F81D240B663800F5CEC7 /* MusicLibrary.swift in Sources */,
				CE43F806240B639600F5CEC7 /* SceneDelegate.swift in Sources */,
			);
			runOnlyForDeploymentPostprocessing = 0;
		};
/* End PBXSourcesBuildPhase section */

/* Begin PBXVariantGroup section */
		CE43F809240B639600F5CEC7 /* Main.storyboard */ = {
			isa = PBXVariantGroup;
			children = (
				CE43F80A240B639600F5CEC7 /* Base */,
			);
			name = Main.storyboard;
			sourceTree = "<group>";
		};
		CE43F80E240B639A00F5CEC7 /* LaunchScreen.storyboard */ = {
			isa = PBXVariantGroup;
			children = (
				CE43F80F240B639A00F5CEC7 /* Base */,
			);
			name = LaunchScreen.storyboard;
			sourceTree = "<group>";
		};
/* End PBXVariantGroup section */

/* Begin XCBuildConfiguration section */
		CE43F812240B639A00F5CEC7 /* Debug */ = {
			isa = XCBuildConfiguration;
			buildSettings = {
				ALWAYS_SEARCH_USER_PATHS = NO;
				CLANG_ANALYZER_NONNULL = YES;
				CLANG_ANALYZER_NUMBER_OBJECT_CONVERSION = YES_AGGRESSIVE;
				CLANG_CXX_LANGUAGE_STANDARD = "gnu++14";
				CLANG_CXX_LIBRARY = "libc++";
				CLANG_ENABLE_MODULES = YES;
				CLANG_ENABLE_OBJC_ARC = YES;
				CLANG_ENABLE_OBJC_WEAK = YES;
				CLANG_WARN_BLOCK_CAPTURE_AUTORELEASING = YES;
				CLANG_WARN_BOOL_CONVERSION = YES;
				CLANG_WARN_COMMA = YES;
				CLANG_WARN_CONSTANT_CONVERSION = YES;
				CLANG_WARN_DEPRECATED_OBJC_IMPLEMENTATIONS = YES;
				CLANG_WARN_DIRECT_OBJC_ISA_USAGE = YES_ERROR;
				CLANG_WARN_DOCUMENTATION_COMMENTS = YES;
				CLANG_WARN_EMPTY_BODY = YES;
				CLANG_WARN_ENUM_CONVERSION = YES;
				CLANG_WARN_INFINITE_RECURSION = YES;
				CLANG_WARN_INT_CONVERSION = YES;
				CLANG_WARN_NON_LITERAL_NULL_CONVERSION = YES;
				CLANG_WARN_OBJC_IMPLICIT_RETAIN_SELF = YES;
				CLANG_WARN_OBJC_LITERAL_CONVERSION = YES;
				CLANG_WARN_OBJC_ROOT_CLASS = YES_ERROR;
				CLANG_WARN_RANGE_LOOP_ANALYSIS = YES;
				CLANG_WARN_STRICT_PROTOTYPES = YES;
				CLANG_WARN_SUSPICIOUS_MOVE = YES;
				CLANG_WARN_UNGUARDED_AVAILABILITY = YES_AGGRESSIVE;
				CLANG_WARN_UNREACHABLE_CODE = YES;
				CLANG_WARN__DUPLICATE_METHOD_MATCH = YES;
				COPY_PHASE_STRIP = NO;
				DEBUG_INFORMATION_FORMAT = dwarf;
				ENABLE_STRICT_OBJC_MSGSEND = YES;
				ENABLE_TESTABILITY = YES;
				GCC_C_LANGUAGE_STANDARD = gnu11;
				GCC_DYNAMIC_NO_PIC = NO;
				GCC_NO_COMMON_BLOCKS = YES;
				GCC_OPTIMIZATION_LEVEL = 0;
				GCC_PREPROCESSOR_DEFINITIONS = (
					"DEBUG=1",
					"$(inherited)",
				);
				GCC_WARN_64_TO_32_BIT_CONVERSION = YES;
				GCC_WARN_ABOUT_RETURN_TYPE = YES_ERROR;
				GCC_WARN_UNDECLARED_SELECTOR = YES;
				GCC_WARN_UNINITIALIZED_AUTOS = YES_AGGRESSIVE;
				GCC_WARN_UNUSED_FUNCTION = YES;
				GCC_WARN_UNUSED_VARIABLE = YES;
				IPHONEOS_DEPLOYMENT_TARGET = 13.2;
				MTL_ENABLE_DEBUG_INFO = INCLUDE_SOURCE;
				MTL_FAST_MATH = YES;
				ONLY_ACTIVE_ARCH = YES;
				SDKROOT = iphoneos;
				SWIFT_ACTIVE_COMPILATION_CONDITIONS = DEBUG;
				SWIFT_OPTIMIZATION_LEVEL = "-Onone";
			};
			name = Debug;
		};
		CE43F813240B639A00F5CEC7 /* Release */ = {
			isa = XCBuildConfiguration;
			buildSettings = {
				ALWAYS_SEARCH_USER_PATHS = NO;
				CLANG_ANALYZER_NONNULL = YES;
				CLANG_ANALYZER_NUMBER_OBJECT_CONVERSION = YES_AGGRESSIVE;
				CLANG_CXX_LANGUAGE_STANDARD = "gnu++14";
				CLANG_CXX_LIBRARY = "libc++";
				CLANG_ENABLE_MODULES = YES;
				CLANG_ENABLE_OBJC_ARC = YES;
				CLANG_ENABLE_OBJC_WEAK = YES;
				CLANG_WARN_BLOCK_CAPTURE_AUTORELEASING = YES;
				CLANG_WARN_BOOL_CONVERSION = YES;
				CLANG_WARN_COMMA = YES;
				CLANG_WARN_CONSTANT_CONVERSION = YES;
				CLANG_WARN_DEPRECATED_OBJC_IMPLEMENTATIONS = YES;
				CLANG_WARN_DIRECT_OBJC_ISA_USAGE = YES_ERROR;
				CLANG_WARN_DOCUMENTATION_COMMENTS = YES;
				CLANG_WARN_EMPTY_BODY = YES;
				CLANG_WARN_ENUM_CONVERSION = YES;
				CLANG_WARN_INFINITE_RECURSION = YES;
				CLANG_WARN_INT_CONVERSION = YES;
				CLANG_WARN_NON_LITERAL_NULL_CONVERSION = YES;
				CLANG_WARN_OBJC_IMPLICIT_RETAIN_SELF = YES;
				CLANG_WARN_OBJC_LITERAL_CONVERSION = YES;
				CLANG_WARN_OBJC_ROOT_CLASS = YES_ERROR;
				CLANG_WARN_RANGE_LOOP_ANALYSIS = YES;
				CLANG_WARN_STRICT_PROTOTYPES = YES;
				CLANG_WARN_SUSPICIOUS_MOVE = YES;
				CLANG_WARN_UNGUARDED_AVAILABILITY = YES_AGGRESSIVE;
				CLANG_WARN_UNREACHABLE_CODE = YES;
				CLANG_WARN__DUPLICATE_METHOD_MATCH = YES;
				COPY_PHASE_STRIP = NO;
				DEBUG_INFORMATION_FORMAT = "dwarf-with-dsym";
				ENABLE_NS_ASSERTIONS = NO;
				ENABLE_STRICT_OBJC_MSGSEND = YES;
				GCC_C_LANGUAGE_STANDARD = gnu11;
				GCC_NO_COMMON_BLOCKS = YES;
				GCC_WARN_64_TO_32_BIT_CONVERSION = YES;
				GCC_WARN_ABOUT_RETURN_TYPE = YES_ERROR;
				GCC_WARN_UNDECLARED_SELECTOR = YES;
				GCC_WARN_UNINITIALIZED_AUTOS = YES_AGGRESSIVE;
				GCC_WARN_UNUSED_FUNCTION = YES;
				GCC_WARN_UNUSED_VARIABLE = YES;
				IPHONEOS_DEPLOYMENT_TARGET = 13.2;
				MTL_ENABLE_DEBUG_INFO = NO;
				MTL_FAST_MATH = YES;
				SDKROOT = iphoneos;
				SWIFT_COMPILATION_MODE = wholemodule;
				SWIFT_OPTIMIZATION_LEVEL = "-O";
				VALIDATE_PRODUCT = YES;
			};
			name = Release;
		};
		CE43F815240B639A00F5CEC7 /* Debug */ = {
			isa = XCBuildConfiguration;
			buildSettings = {
				ASSETCATALOG_COMPILER_APPICON_NAME = AppIcon;
				CODE_SIGN_STYLE = Automatic;
				DEVELOPMENT_TEAM = PDY29GF949;
				INFOPLIST_FILE = SongList/Info.plist;
				LD_RUNPATH_SEARCH_PATHS = (
					"$(inherited)",
					"@executable_path/Frameworks",
				);
				PRODUCT_BUNDLE_IDENTIFIER = com.gmail.appl.leslie.SongList;
				PRODUCT_NAME = "$(TARGET_NAME)";
				SWIFT_VERSION = 5.0;
				TARGETED_DEVICE_FAMILY = 1;
			};
			name = Debug;
		};
		CE43F816240B639A00F5CEC7 /* Release */ = {
			isa = XCBuildConfiguration;
			buildSettings = {
				ASSETCATALOG_COMPILER_APPICON_NAME = AppIcon;
				CODE_SIGN_STYLE = Automatic;
				DEVELOPMENT_TEAM = PDY29GF949;
				INFOPLIST_FILE = SongList/Info.plist;
				LD_RUNPATH_SEARCH_PATHS = (
					"$(inherited)",
					"@executable_path/Frameworks",
				);
				PRODUCT_BUNDLE_IDENTIFIER = com.gmail.appl.leslie.SongList;
				PRODUCT_NAME = "$(TARGET_NAME)";
				SWIFT_VERSION = 5.0;
				TARGETED_DEVICE_FAMILY = 1;
			};
			name = Release;
		};
/* End XCBuildConfiguration section */

/* Begin XCConfigurationList section */
		CE43F7FB240B639600F5CEC7 /* Build configuration list for PBXProject "SongList" */ = {
			isa = XCConfigurationList;
			buildConfigurations = (
				CE43F812240B639A00F5CEC7 /* Debug */,
				CE43F813240B639A00F5CEC7 /* Release */,
			);
			defaultConfigurationIsVisible = 0;
			defaultConfigurationName = Release;
		};
		CE43F814240B639A00F5CEC7 /* Build configuration list for PBXNativeTarget "SongList" */ = {
			isa = XCConfigurationList;
			buildConfigurations = (
				CE43F815240B639A00F5CEC7 /* Debug */,
				CE43F816240B639A00F5CEC7 /* Release */,
			);
			defaultConfigurationIsVisible = 0;
			defaultConfigurationName = Release;
		};
/* End XCConfigurationList section */
	};
	rootObject = CE43F7F8240B639600F5CEC7 /* Project object */;
}
